{
  "name": "igv-widgets",
  "version": "1.1.0",
  "lockfileVersion": 1,
  "requires": true,
  "dependencies": {
    "data-modal": {
      "version": "github:igvteam/data-modal#8a5fd7fa00dd744206837c71c9fae5d4aa236eea",
      "from": "github:igvteam/data-modal#8a5fd7fa"
    },
    "igv-utils": {
      "version": "github:igvteam/igv-utils#36c425bb3e02d5a0e821e39dd1cf510c550f29e5",
      "from": "github:igvteam/igv-utils#36c425bb"
    }
  }
}
